
Microsoft Visual Studio Solution File, Format Version 12.00
# Visual Studio Version 17
VisualStudioVersion = 17.8.34330.188
MinimumVisualStudioVersion = 10.0.40219.1
Project("{FAE04EC0-301F-11D3-BF4B-00C04F79EFBC}") = "Teste", "Teste\Teste.csproj", "{5CEB67E5-C8C3-4B74-9975-080AECEC0A55}"
EndProject
Project("{FAE04EC0-301F-11D3-BF4B-00C04F79EFBC}") = "Dominio", "Dominio\Dominio.csproj", "{32430B52-2AB1-4D57-896C-0E9F9A56D841}"
EndProject
Global
	GlobalSection(SolutionConfigurationPlatforms) = preSolution
		Debug|Any CPU = Debug|Any CPU
		Release|Any CPU = Release|Any CPU
	EndGlobalSection
	GlobalSection(ProjectConfigurationPlatforms) = postSolution
		{5CEB67E5-C8C3-4B74-9975-080AECEC0A55}.Debug|Any CPU.ActiveCfg = Debug|Any CPU
		{5CEB67E5-C8C3-4B74-9975-080AECEC0A55}.Debug|Any CPU.Build.0 = Debug|Any CPU
		{5CEB67E5-C8C3-4B74-9975-080AECEC0A55}.Release|Any CPU.ActiveCfg = Release|Any CPU
		{5CEB67E5-C8C3-4B74-9975-080AECEC0A55}.Release|Any CPU.Build.0 = Release|Any CPU
		{32430B52-2AB1-4D57-896C-0E9F9A56D841}.Debug|Any CPU.ActiveCfg = Debug|Any CPU
		{32430B52-2AB1-4D57-896C-0E9F9A56D841}.Debug|Any CPU.Build.0 = Debug|Any CPU
		{32430B52-2AB1-4D57-896C-0E9F9A56D841}.Release|Any CPU.ActiveCfg = Release|Any CPU
		{32430B52-2AB1-4D57-896C-0E9F9A56D841}.Release|Any CPU.Build.0 = Release|Any CPU
	EndGlobalSection
	GlobalSection(SolutionProperties) = preSolution
		HideSolutionNode = FALSE
	EndGlobalSection
	GlobalSection(ExtensibilityGlobals) = postSolution
		SolutionGuid = {1CDBBFAC-386E-4B08-9E56-9E9E512937D4}
	EndGlobalSection
EndGlobal
